
Microsoft Visual Studio Solution File, Format Version 12.00
# Visual Studio Version 16
VisualStudioVersion = 16.0.31911.196
MinimumVisualStudioVersion = 10.0.40219.1
Project("{FAE04EC0-301F-11D3-BF4B-00C04F79EFBC}") = "AWSTranslatePost", "AWSTranslatePost\AWSTranslatePost.csproj", "{2305DF3B-7520-4CEF-A731-CC96CFA1E3BA}"
EndProject
Global
	GlobalSection(SolutionConfigurationPlatforms) = preSolution
		Debug|Any CPU = Debug|Any CPU
		Release|Any CPU = Release|Any CPU
	EndGlobalSection
	GlobalSection(ProjectConfigurationPlatforms) = postSolution
		{2305DF3B-7520-4CEF-A731-CC96CFA1E3BA}.Debug|Any CPU.ActiveCfg = Debug|Any CPU
		{2305DF3B-7520-4CEF-A731-CC96CFA1E3BA}.Debug|Any CPU.Build.0 = Debug|Any CPU
		{2305DF3B-7520-4CEF-A731-CC96CFA1E3BA}.Release|Any CPU.ActiveCfg = Release|Any CPU
		{2305DF3B-7520-4CEF-A731-CC96CFA1E3BA}.Release|Any CPU.Build.0 = Release|Any CPU
	EndGlobalSection
	GlobalSection(SolutionProperties) = preSolution
		HideSolutionNode = FALSE
	EndGlobalSection
	GlobalSection(ExtensibilityGlobals) = postSolution
		SolutionGuid = {51BB466A-0B4E-4988-9A74-BA4ED6EA60B0}
	EndGlobalSection
EndGlobal
